<Solution>
  <Folder Name="/Solution Items/">
    <File Path=".editorconfig" />
    <File Path="Directory.Build.props" />
    <File Path="Directory.Packages.props" />
  </Folder>
  <Folder Name="/src/" />
    <Folder Name="/src/Framework/">
      <Project Path="src/Framework/ShopIt.Framework.Core/ShopIt.Framework.Core.csproj" />
      <Project Path="src/Framework/ShopIt.Framework.Domain/ShopIt.Framework.Domain.csproj" />
      <Project Path="src/Framework/ShopIt.Framework.Persistence/ShopIt.Framework.Persistence.csproj" />
    </Folder>
  <Folder Name="/src/Services/" />
  <Folder Name="/src/Services/Authentication/">
    <Project Path="src/Services/Authentication/ShopIt.Authentication.API/ShopIt.Authentication.API.csproj" />
    <Project Path="src/Services/Authentication/ShopIt.Authentication.Application/ShopIt.Authentication.Application.csproj" />
    <Project Path="src/Services/Authentication/ShopIt.Authentication.Domain/ShopIt.Authentication.Domain.csproj" />
    <Project Path="src/Services/Authentication/ShopIt.Authentication.Infrastructure/ShopIt.Authentication.Infrastructure.csproj" />
    <Project Path="src/Services/Authentication/ShopIt.Authentication.Persistence/ShopIt.Authentication.Persistence.csproj" />
    <Project Path="src/Services/Authentication/ShopIt.Authentication.Presentation/ShopIt.Authentication.Presentation.csproj" />
  </Folder>
      <Folder Name="/src/Services/Identity/">
        <Project Path="src/Services/Identity/ShopIt.Identity.API/ShopIt.Identity.API.csproj" />
        <Project Path="src/Services/Identity/ShopIt.Identity.Application/ShopIt.Identity.Application.csproj" />
        <Project Path="src/Services/Identity/ShopIt.Identity.Domain/ShopIt.Identity.Domain.csproj" />
        <Project Path="src/Services/Identity/ShopIt.Identity.Infrastructure/ShopIt.Identity.Infrastructure.csproj" />
        <Project Path="src/Services/Identity/ShopIt.Identity.Persistence/ShopIt.Identity.Persistence.csproj" />
        <Project Path="src/Services/Identity/ShopIt.Identity.Presentation/ShopIt.Identity.Presentation.csproj" />
      </Folder>
  <Project Path="ShopIt.AppHost/ShopIt.AppHost.csproj" />
  <Project Path="ShopIt.ServiceDefaults/ShopIt.ServiceDefaults.csproj" />
</Solution>
